
Microsoft Visual Studio Solution File, Format Version 12.00
# Visual Studio Version 16
VisualStudioVersion = 16.0.31205.134
MinimumVisualStudioVersion = 10.0.40219.1
Project("{9A19103F-16F7-4668-BE54-9A1E7A4F7556}") = "MyFirstConsole", "MyFirstConsole\MyFirstConsole.csproj", "{E1D55FEE-858B-472E-B53E-01A57E4685C6}"
EndProject
Project("{9A19103F-16F7-4668-BE54-9A1E7A4F7556}") = "MySecondConsole", "MySecondConsole\MySecondConsole.csproj", "{E6479826-8938-41B0-9499-A55DFD6BD693}"
EndProject
Project("{FAE04EC0-301F-11D3-BF4B-00C04F79EFBC}") = "MyThreeConsole", "MyThreeConsole\MyThreeConsole.csproj", "{F5EA7A8D-3A3A-4DD1-8906-C525D87D1BBC}"
EndProject
Global
	GlobalSection(SolutionConfigurationPlatforms) = preSolution
		Debug|Any CPU = Debug|Any CPU
		Release|Any CPU = Release|Any CPU
	EndGlobalSection
	GlobalSection(ProjectConfigurationPlatforms) = postSolution
		{E1D55FEE-858B-472E-B53E-01A57E4685C6}.Debug|Any CPU.ActiveCfg = Debug|Any CPU
		{E1D55FEE-858B-472E-B53E-01A57E4685C6}.Debug|Any CPU.Build.0 = Debug|Any CPU
		{E1D55FEE-858B-472E-B53E-01A57E4685C6}.Release|Any CPU.ActiveCfg = Release|Any CPU
		{E1D55FEE-858B-472E-B53E-01A57E4685C6}.Release|Any CPU.Build.0 = Release|Any CPU
		{E6479826-8938-41B0-9499-A55DFD6BD693}.Debug|Any CPU.ActiveCfg = Debug|Any CPU
		{E6479826-8938-41B0-9499-A55DFD6BD693}.Debug|Any CPU.Build.0 = Debug|Any CPU
		{E6479826-8938-41B0-9499-A55DFD6BD693}.Release|Any CPU.ActiveCfg = Release|Any CPU
		{E6479826-8938-41B0-9499-A55DFD6BD693}.Release|Any CPU.Build.0 = Release|Any CPU
		{F5EA7A8D-3A3A-4DD1-8906-C525D87D1BBC}.Debug|Any CPU.ActiveCfg = Debug|Any CPU
		{F5EA7A8D-3A3A-4DD1-8906-C525D87D1BBC}.Debug|Any CPU.Build.0 = Debug|Any CPU
		{F5EA7A8D-3A3A-4DD1-8906-C525D87D1BBC}.Release|Any CPU.ActiveCfg = Release|Any CPU
		{F5EA7A8D-3A3A-4DD1-8906-C525D87D1BBC}.Release|Any CPU.Build.0 = Release|Any CPU
	EndGlobalSection
	GlobalSection(SolutionProperties) = preSolution
		HideSolutionNode = FALSE
	EndGlobalSection
	GlobalSection(ExtensibilityGlobals) = postSolution
		SolutionGuid = {79CB8BAD-70F7-4A95-AC5A-D7BA155A47D1}
	EndGlobalSection
EndGlobal
